
Microsoft Visual Studio Solution File, Format Version 12.00
# Visual Studio Version 16
VisualStudioVersion = 16.0.31005.135
MinimumVisualStudioVersion = 10.0.40219.1
Project("{9A19103F-16F7-4668-BE54-9A1E7A4F7556}") = "DeSmuMAR", "DeSmuMAR.csproj", "{32108F83-BD29-4F1A-B3A0-31E177264F12}"
EndProject
Global
	GlobalSection(SolutionConfigurationPlatforms) = preSolution
		Debug|Any CPU = Debug|Any CPU
		Release|Any CPU = Release|Any CPU
	EndGlobalSection
	GlobalSection(ProjectConfigurationPlatforms) = postSolution
		{32108F83-BD29-4F1A-B3A0-31E177264F12}.Debug|Any CPU.ActiveCfg = Debug|Any CPU
		{32108F83-BD29-4F1A-B3A0-31E177264F12}.Debug|Any CPU.Build.0 = Debug|Any CPU
		{32108F83-BD29-4F1A-B3A0-31E177264F12}.Release|Any CPU.ActiveCfg = Release|Any CPU
		{32108F83-BD29-4F1A-B3A0-31E177264F12}.Release|Any CPU.Build.0 = Release|Any CPU
	EndGlobalSection
	GlobalSection(SolutionProperties) = preSolution
		HideSolutionNode = FALSE
	EndGlobalSection
	GlobalSection(ExtensibilityGlobals) = postSolution
		SolutionGuid = {57BF46F1-40FA-46DA-B4EE-46D0C029FA6C}
	EndGlobalSection
EndGlobal
